// !$*UTF8*$!
{
	archiveVersion = 1;
	classes = {
	};
	objectVersion = 77;
	objects = {

/* Begin PBXBuildFile section */
		FA409DFC2D58166200FCFC04 /* Yams in Frameworks */ = {isa = PBXBuildFile; productRef = FA409DFB2D58166200FCFC04 /* Yams */; };
		FA62DE542D44187600B1CC0C /* LaunchAtLogin in Frameworks */ = {isa = PBXBuildFile; productRef = FA62DE532D44187600B1CC0C /* LaunchAtLogin */; };
		FA62DE5A2D4418A900B1CC0C /* KeyboardShortcuts in Frameworks */ = {isa = PBXBuildFile; productRef = FA62DE592D4418A900B1CC0C /* KeyboardShortcuts */; };
		FAF87AD52D4A8457008986C6 /* DynamicNotchKit in Frameworks */ = {isa = PBXBuildFile; productRef = FAF87AD42D4A8457008986C6 /* DynamicNotchKit */; };
		FAF87ADB2D4A8D6E008986C6 /* Notch in Frameworks */ = {isa = PBXBuildFile; productRef = FAF87ADA2D4A8D6E008986C6 /* Notch */; };
/* End PBXBuildFile section */

/* Begin PBXFileReference section */
		FA3044B12D43F59400BA98E2 /* SwiftKey.app */ = {isa = PBXFileReference; explicitFileType = wrapper.application; includeInIndex = 0; path = SwiftKey.app; sourceTree = BUILT_PRODUCTS_DIR; };
/* End PBXFileReference section */

/* Begin PBXFileSystemSynchronizedBuildFileExceptionSet section */
		FAB7571F2D4A6A57008D0A25 /* Exceptions for "SwiftKey" folder in "SwiftKey" target */ = {
			isa = PBXFileSystemSynchronizedBuildFileExceptionSet;
			membershipExceptions = (
				Packages/Notch,
				Resources/Info.plist,
			);
			target = FA3044B02D43F59400BA98E2 /* SwiftKey */;
		};
/* End PBXFileSystemSynchronizedBuildFileExceptionSet section */

/* Begin PBXFileSystemSynchronizedRootGroup section */
		FA3044B32D43F59400BA98E2 /* SwiftKey */ = {
			isa = PBXFileSystemSynchronizedRootGroup;
			exceptions = (
				FAB7571F2D4A6A57008D0A25 /* Exceptions for "SwiftKey" folder in "SwiftKey" target */,
			);
			path = SwiftKey;
			sourceTree = "<group>";
		};
/* End PBXFileSystemSynchronizedRootGroup section */

/* Begin PBXFrameworksBuildPhase section */
		FA3044AE2D43F59400BA98E2 /* Frameworks */ = {
			isa = PBXFrameworksBuildPhase;
			buildActionMask = 2147483647;
			files = (
				FAF87AD52D4A8457008986C6 /* DynamicNotchKit in Frameworks */,
				FA409DFC2D58166200FCFC04 /* Yams in Frameworks */,
				FAF87ADB2D4A8D6E008986C6 /* Notch in Frameworks */,
				FA62DE542D44187600B1CC0C /* LaunchAtLogin in Frameworks */,
				FA62DE5A2D4418A900B1CC0C /* KeyboardShortcuts in Frameworks */,
			);
			runOnlyForDeploymentPostprocessing = 0;
		};
/* End PBXFrameworksBuildPhase section */

/* Begin PBXGroup section */
		FA3044A82D43F59400BA98E2 = {
			isa = PBXGroup;
			children = (
				FAF87AD92D4A8D6E008986C6 /* Frameworks */,
				FA3044B22D43F59400BA98E2 /* Products */,
				FA3044B32D43F59400BA98E2 /* SwiftKey */,
			);
			sourceTree = "<group>";
		};
		FA3044B22D43F59400BA98E2 /* Products */ = {
			isa = PBXGroup;
			children = (
				FA3044B12D43F59400BA98E2 /* SwiftKey.app */,
			);
			name = Products;
			sourceTree = "<group>";
		};
		FAF87AD92D4A8D6E008986C6 /* Frameworks */ = {
			isa = PBXGroup;
			children = (
			);
			name = Frameworks;
			sourceTree = "<group>";
		};
/* End PBXGroup section */

/* Begin PBXNativeTarget section */
		FA3044B02D43F59400BA98E2 /* SwiftKey */ = {
			isa = PBXNativeTarget;
			buildConfigurationList = FA3044C02D43F59600BA98E2 /* Build configuration list for PBXNativeTarget "SwiftKey" */;
			buildPhases = (
				FA3044AD2D43F59400BA98E2 /* Sources */,
				FA3044AE2D43F59400BA98E2 /* Frameworks */,
				FA3044AF2D43F59400BA98E2 /* Resources */,
			);
			buildRules = (
			);
			dependencies = (
			);
			fileSystemSynchronizedGroups = (
				FA3044B32D43F59400BA98E2 /* SwiftKey */,
			);
			name = SwiftKey;
			packageProductDependencies = (
				FA62DE532D44187600B1CC0C /* LaunchAtLogin */,
				FA62DE592D4418A900B1CC0C /* KeyboardShortcuts */,
				FAF87AD42D4A8457008986C6 /* DynamicNotchKit */,
				FAF87ADA2D4A8D6E008986C6 /* Notch */,
				FA409DFB2D58166200FCFC04 /* Yams */,
			);
			productName = SwiftKey;
			productReference = FA3044B12D43F59400BA98E2 /* SwiftKey.app */;
			productType = "com.apple.product-type.application";
		};
/* End PBXNativeTarget section */

/* Begin PBXProject section */
		FA3044A92D43F59400BA98E2 /* Project object */ = {
			isa = PBXProject;
			attributes = {
				BuildIndependentTargetsInParallel = 1;
				LastSwiftUpdateCheck = 1610;
				LastUpgradeCheck = 1620;
				TargetAttributes = {
					FA3044B02D43F59400BA98E2 = {
						CreatedOnToolsVersion = 16.1;
					};
				};
			};
			buildConfigurationList = FA3044AC2D43F59400BA98E2 /* Build configuration list for PBXProject "SwiftKey" */;
			developmentRegion = en;
			hasScannedForEncodings = 0;
			knownRegions = (
				en,
				Base,
			);
			mainGroup = FA3044A82D43F59400BA98E2;
			minimizedProjectReferenceProxies = 1;
			packageReferences = (
				FA62DE522D44187600B1CC0C /* XCRemoteSwiftPackageReference "LaunchAtLogin-Modern" */,
				FA62DE582D4418A900B1CC0C /* XCRemoteSwiftPackageReference "KeyboardShortcuts" */,
				FAF87AD32D4A8457008986C6 /* XCRemoteSwiftPackageReference "DynamicNotchKit" */,
				FA409DFA2D58166200FCFC04 /* XCRemoteSwiftPackageReference "Yams" */,
			);
			preferredProjectObjectVersion = 77;
			productRefGroup = FA3044B22D43F59400BA98E2 /* Products */;
			projectDirPath = "";
			projectRoot = "";
			targets = (
				FA3044B02D43F59400BA98E2 /* SwiftKey */,
			);
		};
/* End PBXProject section */

/* Begin PBXResourcesBuildPhase section */
		FA3044AF2D43F59400BA98E2 /* Resources */ = {
			isa = PBXResourcesBuildPhase;
			buildActionMask = 2147483647;
			files = (
			);
			runOnlyForDeploymentPostprocessing = 0;
		};
/* End PBXResourcesBuildPhase section */

/* Begin PBXSourcesBuildPhase section */
		FA3044AD2D43F59400BA98E2 /* Sources */ = {
			isa = PBXSourcesBuildPhase;
			buildActionMask = 2147483647;
			files = (
			);
			runOnlyForDeploymentPostprocessing = 0;
		};
/* End PBXSourcesBuildPhase section */

/* Begin XCBuildConfiguration section */
		FA3044BE2D43F59600BA98E2 /* Debug */ = {
			isa = XCBuildConfiguration;
			buildSettings = {
				ALWAYS_SEARCH_USER_PATHS = NO;
				ASSETCATALOG_COMPILER_GENERATE_SWIFT_ASSET_SYMBOL_EXTENSIONS = YES;
				CLANG_ANALYZER_NONNULL = YES;
				CLANG_ANALYZER_NUMBER_OBJECT_CONVERSION = YES_AGGRESSIVE;
				CLANG_CXX_LANGUAGE_STANDARD = "gnu++20";
				CLANG_ENABLE_MODULES = YES;
				CLANG_ENABLE_OBJC_ARC = YES;
				CLANG_ENABLE_OBJC_WEAK = YES;
				CLANG_WARN_BLOCK_CAPTURE_AUTORELEASING = YES;
				CLANG_WARN_BOOL_CONVERSION = YES;
				CLANG_WARN_COMMA = YES;
				CLANG_WARN_CONSTANT_CONVERSION = YES;
				CLANG_WARN_DEPRECATED_OBJC_IMPLEMENTATIONS = YES;
				CLANG_WARN_DIRECT_OBJC_ISA_USAGE = YES_ERROR;
				CLANG_WARN_DOCUMENTATION_COMMENTS = YES;
				CLANG_WARN_EMPTY_BODY = YES;
				CLANG_WARN_ENUM_CONVERSION = YES;
				CLANG_WARN_INFINITE_RECURSION = YES;
				CLANG_WARN_INT_CONVERSION = YES;
				CLANG_WARN_NON_LITERAL_NULL_CONVERSION = YES;
				CLANG_WARN_OBJC_IMPLICIT_RETAIN_SELF = YES;
				CLANG_WARN_OBJC_LITERAL_CONVERSION = YES;
				CLANG_WARN_OBJC_ROOT_CLASS = YES_ERROR;
				CLANG_WARN_QUOTED_INCLUDE_IN_FRAMEWORK_HEADER = YES;
				CLANG_WARN_RANGE_LOOP_ANALYSIS = YES;
				CLANG_WARN_STRICT_PROTOTYPES = YES;
				CLANG_WARN_SUSPICIOUS_MOVE = YES;
				CLANG_WARN_UNGUARDED_AVAILABILITY = YES_AGGRESSIVE;
				CLANG_WARN_UNREACHABLE_CODE = YES;
				CLANG_WARN__DUPLICATE_METHOD_MATCH = YES;
				COPY_PHASE_STRIP = NO;
				DEAD_CODE_STRIPPING = YES;
				DEBUG_INFORMATION_FORMAT = dwarf;
				ENABLE_STRICT_OBJC_MSGSEND = YES;
				ENABLE_TESTABILITY = YES;
				ENABLE_USER_SCRIPT_SANDBOXING = YES;
				GCC_C_LANGUAGE_STANDARD = gnu17;
				GCC_DYNAMIC_NO_PIC = NO;
				GCC_NO_COMMON_BLOCKS = YES;
				GCC_OPTIMIZATION_LEVEL = 0;
				GCC_PREPROCESSOR_DEFINITIONS = (
					"DEBUG=1",
					"$(inherited)",
				);
				GCC_WARN_64_TO_32_BIT_CONVERSION = YES;
				GCC_WARN_ABOUT_RETURN_TYPE = YES_ERROR;
				GCC_WARN_UNDECLARED_SELECTOR = YES;
				GCC_WARN_UNINITIALIZED_AUTOS = YES_AGGRESSIVE;
				GCC_WARN_UNUSED_FUNCTION = YES;
				GCC_WARN_UNUSED_VARIABLE = YES;
				LOCALIZATION_PREFERS_STRING_CATALOGS = YES;
				MACOSX_DEPLOYMENT_TARGET = 15.1;
				MTL_ENABLE_DEBUG_INFO = INCLUDE_SOURCE;
				MTL_FAST_MATH = YES;
				ONLY_ACTIVE_ARCH = YES;
				SDKROOT = macosx;
				SWIFT_ACTIVE_COMPILATION_CONDITIONS = "DEBUG $(inherited)";
				SWIFT_OPTIMIZATION_LEVEL = "-Onone";
			};
			name = Debug;
		};
		FA3044BF2D43F59600BA98E2 /* Release */ = {
			isa = XCBuildConfiguration;
			buildSettings = {
				ALWAYS_SEARCH_USER_PATHS = NO;
				ASSETCATALOG_COMPILER_GENERATE_SWIFT_ASSET_SYMBOL_EXTENSIONS = YES;
				CLANG_ANALYZER_NONNULL = YES;
				CLANG_ANALYZER_NUMBER_OBJECT_CONVERSION = YES_AGGRESSIVE;
				CLANG_CXX_LANGUAGE_STANDARD = "gnu++20";
				CLANG_ENABLE_MODULES = YES;
				CLANG_ENABLE_OBJC_ARC = YES;
				CLANG_ENABLE_OBJC_WEAK = YES;
				CLANG_WARN_BLOCK_CAPTURE_AUTORELEASING = YES;
				CLANG_WARN_BOOL_CONVERSION = YES;
				CLANG_WARN_COMMA = YES;
				CLANG_WARN_CONSTANT_CONVERSION = YES;
				CLANG_WARN_DEPRECATED_OBJC_IMPLEMENTATIONS = YES;
				CLANG_WARN_DIRECT_OBJC_ISA_USAGE = YES_ERROR;
				CLANG_WARN_DOCUMENTATION_COMMENTS = YES;
				CLANG_WARN_EMPTY_BODY = YES;
				CLANG_WARN_ENUM_CONVERSION = YES;
				CLANG_WARN_INFINITE_RECURSION = YES;
				CLANG_WARN_INT_CONVERSION = YES;
				CLANG_WARN_NON_LITERAL_NULL_CONVERSION = YES;
				CLANG_WARN_OBJC_IMPLICIT_RETAIN_SELF = YES;
				CLANG_WARN_OBJC_LITERAL_CONVERSION = YES;
				CLANG_WARN_OBJC_ROOT_CLASS = YES_ERROR;
				CLANG_WARN_QUOTED_INCLUDE_IN_FRAMEWORK_HEADER = YES;
				CLANG_WARN_RANGE_LOOP_ANALYSIS = YES;
				CLANG_WARN_STRICT_PROTOTYPES = YES;
				CLANG_WARN_SUSPICIOUS_MOVE = YES;
				CLANG_WARN_UNGUARDED_AVAILABILITY = YES_AGGRESSIVE;
				CLANG_WARN_UNREACHABLE_CODE = YES;
				CLANG_WARN__DUPLICATE_METHOD_MATCH = YES;
				COPY_PHASE_STRIP = NO;
				DEAD_CODE_STRIPPING = YES;
				DEBUG_INFORMATION_FORMAT = "dwarf-with-dsym";
				ENABLE_NS_ASSERTIONS = NO;
				ENABLE_STRICT_OBJC_MSGSEND = YES;
				ENABLE_USER_SCRIPT_SANDBOXING = YES;
				GCC_C_LANGUAGE_STANDARD = gnu17;
				GCC_NO_COMMON_BLOCKS = YES;
				GCC_WARN_64_TO_32_BIT_CONVERSION = YES;
				GCC_WARN_ABOUT_RETURN_TYPE = YES_ERROR;
				GCC_WARN_UNDECLARED_SELECTOR = YES;
				GCC_WARN_UNINITIALIZED_AUTOS = YES_AGGRESSIVE;
				GCC_WARN_UNUSED_FUNCTION = YES;
				GCC_WARN_UNUSED_VARIABLE = YES;
				LOCALIZATION_PREFERS_STRING_CATALOGS = YES;
				MACOSX_DEPLOYMENT_TARGET = 15.1;
				MTL_ENABLE_DEBUG_INFO = NO;
				MTL_FAST_MATH = YES;
				SDKROOT = macosx;
				SWIFT_COMPILATION_MODE = wholemodule;
			};
			name = Release;
		};
		FA3044C12D43F59600BA98E2 /* Debug */ = {
			isa = XCBuildConfiguration;
			buildSettings = {
				ASSETCATALOG_COMPILER_APPICON_NAME = AppIcon;
				ASSETCATALOG_COMPILER_GLOBAL_ACCENT_COLOR_NAME = AccentColor;
				CODE_SIGN_ENTITLEMENTS = SwiftKey/Resources/SwiftKey.entitlements;
				CODE_SIGN_STYLE = Automatic;
				COMBINE_HIDPI_IMAGES = YES;
				CURRENT_PROJECT_VERSION = 1;
				DEAD_CODE_STRIPPING = YES;
				DEVELOPMENT_ASSET_PATHS = "\"SwiftKey/Preview Content\"";
				DEVELOPMENT_TEAM = X93LWC49WV;
				ENABLE_HARDENED_RUNTIME = YES;
				ENABLE_PREVIEWS = YES;
				GENERATE_INFOPLIST_FILE = YES;
				INFOPLIST_FILE = SwiftKey/Resources/Info.plist;
				INFOPLIST_KEY_NSHumanReadableCopyright = "";
				LD_RUNPATH_SEARCH_PATHS = (
					"$(inherited)",
					"@executable_path/../Frameworks",
				);
				MARKETING_VERSION = 1.0;
				PRODUCT_BUNDLE_IDENTIFIER = co.ameba.SwiftKey;
				PRODUCT_NAME = "$(TARGET_NAME)";
				SWIFT_EMIT_LOC_STRINGS = YES;
				SWIFT_VERSION = 5.0;
			};
			name = Debug;
		};
		FA3044C22D43F59600BA98E2 /* Release */ = {
			isa = XCBuildConfiguration;
			buildSettings = {
				ASSETCATALOG_COMPILER_APPICON_NAME = AppIcon;
				ASSETCATALOG_COMPILER_GLOBAL_ACCENT_COLOR_NAME = AccentColor;
				CODE_SIGN_ENTITLEMENTS = SwiftKey/Resources/SwiftKey.entitlements;
				CODE_SIGN_STYLE = Automatic;
				COMBINE_HIDPI_IMAGES = YES;
				CURRENT_PROJECT_VERSION = 1;
				DEAD_CODE_STRIPPING = YES;
				DEVELOPMENT_ASSET_PATHS = "\"SwiftKey/Preview Content\"";
				DEVELOPMENT_TEAM = X93LWC49WV;
				ENABLE_HARDENED_RUNTIME = YES;
				ENABLE_PREVIEWS = YES;
				GENERATE_INFOPLIST_FILE = YES;
				INFOPLIST_FILE = SwiftKey/Resources/Info.plist;
				INFOPLIST_KEY_NSHumanReadableCopyright = "";
				LD_RUNPATH_SEARCH_PATHS = (
					"$(inherited)",
					"@executable_path/../Frameworks",
				);
				MARKETING_VERSION = 1.0;
				PRODUCT_BUNDLE_IDENTIFIER = co.ameba.SwiftKey;
				PRODUCT_NAME = "$(TARGET_NAME)";
				SWIFT_EMIT_LOC_STRINGS = YES;
				SWIFT_VERSION = 5.0;
			};
			name = Release;
		};
/* End XCBuildConfiguration section */

/* Begin XCConfigurationList section */
		FA3044AC2D43F59400BA98E2 /* Build configuration list for PBXProject "SwiftKey" */ = {
			isa = XCConfigurationList;
			buildConfigurations = (
				FA3044BE2D43F59600BA98E2 /* Debug */,
				FA3044BF2D43F59600BA98E2 /* Release */,
			);
			defaultConfigurationIsVisible = 0;
			defaultConfigurationName = Release;
		};
		FA3044C02D43F59600BA98E2 /* Build configuration list for PBXNativeTarget "SwiftKey" */ = {
			isa = XCConfigurationList;
			buildConfigurations = (
				FA3044C12D43F59600BA98E2 /* Debug */,
				FA3044C22D43F59600BA98E2 /* Release */,
			);
			defaultConfigurationIsVisible = 0;
			defaultConfigurationName = Release;
		};
/* End XCConfigurationList section */

/* Begin XCRemoteSwiftPackageReference section */
		FA409DFA2D58166200FCFC04 /* XCRemoteSwiftPackageReference "Yams" */ = {
			isa = XCRemoteSwiftPackageReference;
			repositoryURL = "https://github.com/jpsim/Yams.git";
			requirement = {
				kind = upToNextMajorVersion;
				minimumVersion = 5.1.3;
			};
		};
		FA62DE522D44187600B1CC0C /* XCRemoteSwiftPackageReference "LaunchAtLogin-Modern" */ = {
			isa = XCRemoteSwiftPackageReference;
			repositoryURL = "https://github.com/sindresorhus/LaunchAtLogin-Modern";
			requirement = {
				kind = upToNextMajorVersion;
				minimumVersion = 1.0.0;
			};
		};
		FA62DE582D4418A900B1CC0C /* XCRemoteSwiftPackageReference "KeyboardShortcuts" */ = {
			isa = XCRemoteSwiftPackageReference;
			repositoryURL = "https://github.com/sindresorhus/KeyboardShortcuts";
			requirement = {
				kind = upToNextMajorVersion;
				minimumVersion = 2.2.4;
			};
		};
		FAF87AD32D4A8457008986C6 /* XCRemoteSwiftPackageReference "DynamicNotchKit" */ = {
			isa = XCRemoteSwiftPackageReference;
			repositoryURL = "https://github.com/MrKai77/DynamicNotchKit";
			requirement = {
				branch = main;
				kind = branch;
			};
		};
/* End XCRemoteSwiftPackageReference section */

/* Begin XCSwiftPackageProductDependency section */
		FA409DFB2D58166200FCFC04 /* Yams */ = {
			isa = XCSwiftPackageProductDependency;
			package = FA409DFA2D58166200FCFC04 /* XCRemoteSwiftPackageReference "Yams" */;
			productName = Yams;
		};
		FA62DE532D44187600B1CC0C /* LaunchAtLogin */ = {
			isa = XCSwiftPackageProductDependency;
			package = FA62DE522D44187600B1CC0C /* XCRemoteSwiftPackageReference "LaunchAtLogin-Modern" */;
			productName = LaunchAtLogin;
		};
		FA62DE592D4418A900B1CC0C /* KeyboardShortcuts */ = {
			isa = XCSwiftPackageProductDependency;
			package = FA62DE582D4418A900B1CC0C /* XCRemoteSwiftPackageReference "KeyboardShortcuts" */;
			productName = KeyboardShortcuts;
		};
		FAF87AD42D4A8457008986C6 /* DynamicNotchKit */ = {
			isa = XCSwiftPackageProductDependency;
			package = FAF87AD32D4A8457008986C6 /* XCRemoteSwiftPackageReference "DynamicNotchKit" */;
			productName = DynamicNotchKit;
		};
		FAF87ADA2D4A8D6E008986C6 /* Notch */ = {
			isa = XCSwiftPackageProductDependency;
			productName = Notch;
		};
/* End XCSwiftPackageProductDependency section */
	};
	rootObject = FA3044A92D43F59400BA98E2 /* Project object */;
}
